
Microsoft Visual Studio Solution File, Format Version 12.00
# Visual Studio Version 17
VisualStudioVersion = 17.8.34309.116
MinimumVisualStudioVersion = 10.0.40219.1
Project("{FAE04EC0-301F-11D3-BF4B-00C04F79EFBC}") = "Bookstore2", "Bookstore2.csproj", "{B4A332D7-FD38-40CA-B53F-0E2FFED9CCCB}"
EndProject
Global
	GlobalSection(SolutionConfigurationPlatforms) = preSolution
		Debug|Any CPU = Debug|Any CPU
		Release|Any CPU = Release|Any CPU
	EndGlobalSection
	GlobalSection(ProjectConfigurationPlatforms) = postSolution
		{B4A332D7-FD38-40CA-B53F-0E2FFED9CCCB}.Debug|Any CPU.ActiveCfg = Debug|Any CPU
		{B4A332D7-FD38-40CA-B53F-0E2FFED9CCCB}.Debug|Any CPU.Build.0 = Debug|Any CPU
		{B4A332D7-FD38-40CA-B53F-0E2FFED9CCCB}.Release|Any CPU.ActiveCfg = Release|Any CPU
		{B4A332D7-FD38-40CA-B53F-0E2FFED9CCCB}.Release|Any CPU.Build.0 = Release|Any CPU
	EndGlobalSection
	GlobalSection(SolutionProperties) = preSolution
		HideSolutionNode = FALSE
	EndGlobalSection
	GlobalSection(ExtensibilityGlobals) = postSolution
		SolutionGuid = {CF9CC81A-E350-4124-A640-74A7091141AA}
	EndGlobalSection
EndGlobal
